
Microsoft Visual Studio Solution File, Format Version 12.00
# Visual Studio Version 17
VisualStudioVersion = 17.4.33110.190
MinimumVisualStudioVersion = 10.0.40219.1
Project("{FAE04EC0-301F-11D3-BF4B-00C04F79EFBC}") = "project 01", "project 01\project 01.csproj", "{43A6534F-7D0F-45D9-A484-43DA35BCF03D}"
EndProject
Global
	GlobalSection(SolutionConfigurationPlatforms) = preSolution
		Debug|Any CPU = Debug|Any CPU
		Release|Any CPU = Release|Any CPU
	EndGlobalSection
	GlobalSection(ProjectConfigurationPlatforms) = postSolution
		{43A6534F-7D0F-45D9-A484-43DA35BCF03D}.Debug|Any CPU.ActiveCfg = Debug|Any CPU
		{43A6534F-7D0F-45D9-A484-43DA35BCF03D}.Debug|Any CPU.Build.0 = Debug|Any CPU
		{43A6534F-7D0F-45D9-A484-43DA35BCF03D}.Release|Any CPU.ActiveCfg = Release|Any CPU
		{43A6534F-7D0F-45D9-A484-43DA35BCF03D}.Release|Any CPU.Build.0 = Release|Any CPU
	EndGlobalSection
	GlobalSection(SolutionProperties) = preSolution
		HideSolutionNode = FALSE
	EndGlobalSection
	GlobalSection(ExtensibilityGlobals) = postSolution
		SolutionGuid = {7D77155A-F301-4125-9134-935DB3666451}
	EndGlobalSection
EndGlobal
